
Microsoft Visual Studio Solution File, Format Version 12.00
# Visual Studio 14
VisualStudioVersion = 14.0.25420.1
MinimumVisualStudioVersion = 10.0.40219.1
Project("{FAE04EC0-301F-11D3-BF4B-00C04F79EFBC}") = "Practicando el detalle", "Practicando el detalle\Practicando el detalle.csproj", "{B2078D8D-F42E-4D8B-9015-75FD2B2B9901}"
EndProject
Global
	GlobalSection(SolutionConfigurationPlatforms) = preSolution
		Debug|Any CPU = Debug|Any CPU
		Release|Any CPU = Release|Any CPU
	EndGlobalSection
	GlobalSection(ProjectConfigurationPlatforms) = postSolution
		{B2078D8D-F42E-4D8B-9015-75FD2B2B9901}.Debug|Any CPU.ActiveCfg = Debug|Any CPU
		{B2078D8D-F42E-4D8B-9015-75FD2B2B9901}.Debug|Any CPU.Build.0 = Debug|Any CPU
		{B2078D8D-F42E-4D8B-9015-75FD2B2B9901}.Release|Any CPU.ActiveCfg = Release|Any CPU
		{B2078D8D-F42E-4D8B-9015-75FD2B2B9901}.Release|Any CPU.Build.0 = Release|Any CPU
	EndGlobalSection
	GlobalSection(SolutionProperties) = preSolution
		HideSolutionNode = FALSE
	EndGlobalSection
EndGlobal
